
Microsoft Visual Studio Solution File, Format Version 12.00
# Visual Studio 15
VisualStudioVersion = 15.0.27703.2042
MinimumVisualStudioVersion = 10.0.40219.1
Project("{FAE04EC0-301F-11D3-BF4B-00C04F79EFBC}") = "BatchService", "BatchService\BatchService.csproj", "{9363DF1D-C96E-4224-B5B7-DFC14354F533}"
EndProject
Project("{FAE04EC0-301F-11D3-BF4B-00C04F79EFBC}") = "BatchModel", "BatchModel\BatchModel.csproj", "{4769D74A-E22C-4EFD-B930-E680D09308B7}"
EndProject
Project("{FAE04EC0-301F-11D3-BF4B-00C04F79EFBC}") = "LocationService", "LocationService\LocationService.csproj", "{19B925FF-C5FA-4B98-8565-CC56EF3E8F73}"
EndProject
Project("{FAE04EC0-301F-11D3-BF4B-00C04F79EFBC}") = "PlantService", "PlantService\PlantService.csproj", "{E24B980E-9952-418D-A4FE-8E9F7961FBAC}"
EndProject
Project("{FAE04EC0-301F-11D3-BF4B-00C04F79EFBC}") = "ImportService", "ImportService\ImportService.csproj", "{1054AD11-49BE-48C3-B1BE-D1CD06B115B4}"
EndProject
Project("{FAE04EC0-301F-11D3-BF4B-00C04F79EFBC}") = "ImportRep", "ImportRep\ImportRep.csproj", "{2B84A33B-8991-413A-96AB-4991F52EC4EC}"
EndProject
Project("{FAE04EC0-301F-11D3-BF4B-00C04F79EFBC}") = "ImportModel", "ImportModel\ImportModel.csproj", "{FAD23381-FEE8-4081-AED4-94E5FCCEF1AE}"
EndProject
Project("{FAE04EC0-301F-11D3-BF4B-00C04F79EFBC}") = "QuoteService", "quoteService\QuoteService.csproj", "{982D4F16-2575-4F31-8FEC-5351F9CA1780}"
EndProject
Project("{9A19103F-16F7-4668-BE54-9A1E7A4F7556}") = "HillsCoreModel", "HillsCoreModel\HillsCoreModel.csproj", "{894EB42A-D8F5-4580-A05C-9932730E8390}"
EndProject
Global
	GlobalSection(SolutionConfigurationPlatforms) = preSolution
		Debug|Any CPU = Debug|Any CPU
		Release|Any CPU = Release|Any CPU
	EndGlobalSection
	GlobalSection(ProjectConfigurationPlatforms) = postSolution
		{9363DF1D-C96E-4224-B5B7-DFC14354F533}.Debug|Any CPU.ActiveCfg = Debug|Any CPU
		{9363DF1D-C96E-4224-B5B7-DFC14354F533}.Debug|Any CPU.Build.0 = Debug|Any CPU
		{9363DF1D-C96E-4224-B5B7-DFC14354F533}.Release|Any CPU.ActiveCfg = Release|Any CPU
		{9363DF1D-C96E-4224-B5B7-DFC14354F533}.Release|Any CPU.Build.0 = Release|Any CPU
		{4769D74A-E22C-4EFD-B930-E680D09308B7}.Debug|Any CPU.ActiveCfg = Debug|Any CPU
		{4769D74A-E22C-4EFD-B930-E680D09308B7}.Debug|Any CPU.Build.0 = Debug|Any CPU
		{4769D74A-E22C-4EFD-B930-E680D09308B7}.Release|Any CPU.ActiveCfg = Release|Any CPU
		{4769D74A-E22C-4EFD-B930-E680D09308B7}.Release|Any CPU.Build.0 = Release|Any CPU
		{19B925FF-C5FA-4B98-8565-CC56EF3E8F73}.Debug|Any CPU.ActiveCfg = Debug|Any CPU
		{19B925FF-C5FA-4B98-8565-CC56EF3E8F73}.Debug|Any CPU.Build.0 = Debug|Any CPU
		{19B925FF-C5FA-4B98-8565-CC56EF3E8F73}.Release|Any CPU.ActiveCfg = Release|Any CPU
		{19B925FF-C5FA-4B98-8565-CC56EF3E8F73}.Release|Any CPU.Build.0 = Release|Any CPU
		{E24B980E-9952-418D-A4FE-8E9F7961FBAC}.Debug|Any CPU.ActiveCfg = Debug|Any CPU
		{E24B980E-9952-418D-A4FE-8E9F7961FBAC}.Debug|Any CPU.Build.0 = Debug|Any CPU
		{E24B980E-9952-418D-A4FE-8E9F7961FBAC}.Release|Any CPU.ActiveCfg = Release|Any CPU
		{E24B980E-9952-418D-A4FE-8E9F7961FBAC}.Release|Any CPU.Build.0 = Release|Any CPU
		{1054AD11-49BE-48C3-B1BE-D1CD06B115B4}.Debug|Any CPU.ActiveCfg = Debug|Any CPU
		{1054AD11-49BE-48C3-B1BE-D1CD06B115B4}.Debug|Any CPU.Build.0 = Debug|Any CPU
		{1054AD11-49BE-48C3-B1BE-D1CD06B115B4}.Release|Any CPU.ActiveCfg = Release|Any CPU
		{1054AD11-49BE-48C3-B1BE-D1CD06B115B4}.Release|Any CPU.Build.0 = Release|Any CPU
		{2B84A33B-8991-413A-96AB-4991F52EC4EC}.Debug|Any CPU.ActiveCfg = Debug|Any CPU
		{2B84A33B-8991-413A-96AB-4991F52EC4EC}.Debug|Any CPU.Build.0 = Debug|Any CPU
		{2B84A33B-8991-413A-96AB-4991F52EC4EC}.Release|Any CPU.ActiveCfg = Release|Any CPU
		{2B84A33B-8991-413A-96AB-4991F52EC4EC}.Release|Any CPU.Build.0 = Release|Any CPU
		{FAD23381-FEE8-4081-AED4-94E5FCCEF1AE}.Debug|Any CPU.ActiveCfg = Debug|Any CPU
		{FAD23381-FEE8-4081-AED4-94E5FCCEF1AE}.Debug|Any CPU.Build.0 = Debug|Any CPU
		{FAD23381-FEE8-4081-AED4-94E5FCCEF1AE}.Release|Any CPU.ActiveCfg = Release|Any CPU
		{FAD23381-FEE8-4081-AED4-94E5FCCEF1AE}.Release|Any CPU.Build.0 = Release|Any CPU
		{982D4F16-2575-4F31-8FEC-5351F9CA1780}.Debug|Any CPU.ActiveCfg = Debug|Any CPU
		{982D4F16-2575-4F31-8FEC-5351F9CA1780}.Debug|Any CPU.Build.0 = Debug|Any CPU
		{982D4F16-2575-4F31-8FEC-5351F9CA1780}.Release|Any CPU.ActiveCfg = Release|Any CPU
		{982D4F16-2575-4F31-8FEC-5351F9CA1780}.Release|Any CPU.Build.0 = Release|Any CPU
		{894EB42A-D8F5-4580-A05C-9932730E8390}.Debug|Any CPU.ActiveCfg = Debug|Any CPU
		{894EB42A-D8F5-4580-A05C-9932730E8390}.Debug|Any CPU.Build.0 = Debug|Any CPU
		{894EB42A-D8F5-4580-A05C-9932730E8390}.Release|Any CPU.ActiveCfg = Release|Any CPU
		{894EB42A-D8F5-4580-A05C-9932730E8390}.Release|Any CPU.Build.0 = Release|Any CPU
	EndGlobalSection
	GlobalSection(SolutionProperties) = preSolution
		HideSolutionNode = FALSE
	EndGlobalSection
	GlobalSection(ExtensibilityGlobals) = postSolution
		SolutionGuid = {BB952A30-6017-4F85-863D-1CEE5F126562}
	EndGlobalSection
EndGlobal
